
Microsoft Visual Studio Solution File, Format Version 12.00
# Visual Studio Version 17
VisualStudioVersion = 17.13.35913.81
MinimumVisualStudioVersion = 10.0.40219.1
Project("{FAE04EC0-301F-11D3-BF4B-00C04F79EFBC}") = "PetCare.API", "PetCare.API\PetCare.API.csproj", "{50F82A72-E270-C19D-0D36-1F51A6167AE8}"
EndProject
Global
	GlobalSection(SolutionConfigurationPlatforms) = preSolution
		Debug|Any CPU = Debug|Any CPU
		Release|Any CPU = Release|Any CPU
	EndGlobalSection
	GlobalSection(ProjectConfigurationPlatforms) = postSolution
		{50F82A72-E270-C19D-0D36-1F51A6167AE8}.Debug|Any CPU.ActiveCfg = Debug|Any CPU
		{50F82A72-E270-C19D-0D36-1F51A6167AE8}.Debug|Any CPU.Build.0 = Debug|Any CPU
		{50F82A72-E270-C19D-0D36-1F51A6167AE8}.Release|Any CPU.ActiveCfg = Release|Any CPU
		{50F82A72-E270-C19D-0D36-1F51A6167AE8}.Release|Any CPU.Build.0 = Release|Any CPU
	EndGlobalSection
	GlobalSection(SolutionProperties) = preSolution
		HideSolutionNode = FALSE
	EndGlobalSection
	GlobalSection(ExtensibilityGlobals) = postSolution
		SolutionGuid = {A77DC68F-4734-4A91-960F-816F64711480}
	EndGlobalSection
EndGlobal
